
Microsoft Visual Studio Solution File, Format Version 12.00
# Visual Studio 15
VisualStudioVersion = 15.0.28010.2036
MinimumVisualStudioVersion = 10.0.40219.1
Project("{D2ABAB84-BF74-430A-B69E-9DC6D40DDA17}") = "MultidimensionalProject1", "MultidimensionalProject1\MultidimensionalProject1.dwproj", "{A899A768-FFAD-4DE9-886A-263E804ACC11}"
EndProject
Global
	GlobalSection(SolutionConfigurationPlatforms) = preSolution
		Development|Default = Development|Default
	EndGlobalSection
	GlobalSection(ProjectConfigurationPlatforms) = postSolution
		{A899A768-FFAD-4DE9-886A-263E804ACC11}.Development|Default.ActiveCfg = Development
		{A899A768-FFAD-4DE9-886A-263E804ACC11}.Development|Default.Build.0 = Development
		{A899A768-FFAD-4DE9-886A-263E804ACC11}.Development|Default.Deploy.0 = Development
	EndGlobalSection
	GlobalSection(SolutionProperties) = preSolution
		HideSolutionNode = FALSE
	EndGlobalSection
	GlobalSection(ExtensibilityGlobals) = postSolution
		SolutionGuid = {7DC6953C-6A7C-4C63-9042-32C307D75F4C}
	EndGlobalSection
EndGlobal
